
Microsoft Visual Studio Solution File, Format Version 12.00
# Visual Studio Version 16
VisualStudioVersion = 16.0.30104.148
MinimumVisualStudioVersion = 10.0.40219.1
Project("{FAE04EC0-301F-11D3-BF4B-00C04F79EFBC}") = "eXclusiveMediaFormatterWPF", "eXclusiveMediaFormatterWPF\eXclusiveMediaFormatterWPF.csproj", "{09A5A846-94DB-48AB-9652-6720F86C605A}"
EndProject
Global
	GlobalSection(SolutionConfigurationPlatforms) = preSolution
		Debug|Any CPU = Debug|Any CPU
		Release|Any CPU = Release|Any CPU
	EndGlobalSection
	GlobalSection(ProjectConfigurationPlatforms) = postSolution
		{09A5A846-94DB-48AB-9652-6720F86C605A}.Debug|Any CPU.ActiveCfg = Debug|Any CPU
		{09A5A846-94DB-48AB-9652-6720F86C605A}.Debug|Any CPU.Build.0 = Debug|Any CPU
		{09A5A846-94DB-48AB-9652-6720F86C605A}.Release|Any CPU.ActiveCfg = Release|Any CPU
		{09A5A846-94DB-48AB-9652-6720F86C605A}.Release|Any CPU.Build.0 = Release|Any CPU
	EndGlobalSection
	GlobalSection(SolutionProperties) = preSolution
		HideSolutionNode = FALSE
	EndGlobalSection
	GlobalSection(ExtensibilityGlobals) = postSolution
		SolutionGuid = {1A80E448-BD9F-45A9-AC7B-3E3E26E9A0FE}
	EndGlobalSection
EndGlobal
